// !$*UTF8*$!
{
	archiveVersion = 1;
	classes = {
	};
	objectVersion = 56;
	objects = {

/* Begin PBXBuildFile section */
		8295B2442B503ED90003AF5D /* AppDelegate.swift in Sources */ = {isa = PBXBuildFile; fileRef = 8295B2432B503ED90003AF5D /* AppDelegate.swift */; };
		8295B2462B503ED90003AF5D /* SceneDelegate.swift in Sources */ = {isa = PBXBuildFile; fileRef = 8295B2452B503ED90003AF5D /* SceneDelegate.swift */; };
		8295B24D2B503EDD0003AF5D /* Assets.xcassets in Resources */ = {isa = PBXBuildFile; fileRef = 8295B24C2B503EDD0003AF5D /* Assets.xcassets */; };
		8295B2502B503EDD0003AF5D /* LaunchScreen.storyboard in Resources */ = {isa = PBXBuildFile; fileRef = 8295B24E2B503EDD0003AF5D /* LaunchScreen.storyboard */; };
		8295B2582B50541E0003AF5D /* SearchVC.swift in Sources */ = {isa = PBXBuildFile; fileRef = 8295B2572B50541E0003AF5D /* SearchVC.swift */; };
		8295B25A2B50544E0003AF5D /* FavoriteListVC.swift in Sources */ = {isa = PBXBuildFile; fileRef = 8295B2592B50544E0003AF5D /* FavoriteListVC.swift */; };
		8295B25C2B505A8E0003AF5D /* GFButton.swift in Sources */ = {isa = PBXBuildFile; fileRef = 8295B25B2B505A8E0003AF5D /* GFButton.swift */; };
		8295B25E2B505D400003AF5D /* GFTextField.swift in Sources */ = {isa = PBXBuildFile; fileRef = 8295B25D2B505D400003AF5D /* GFTextField.swift */; };
		8299B7FE2B58350A00D06518 /* FollowerListVC.swift in Sources */ = {isa = PBXBuildFile; fileRef = 8299B7FD2B58350A00D06518 /* FollowerListVC.swift */; };
		82A73FBC2B583E2900B107BA /* GFTitleLabel.swift in Sources */ = {isa = PBXBuildFile; fileRef = 82A73FBB2B583E2800B107BA /* GFTitleLabel.swift */; };
		82A73FBE2B58422100B107BA /* GFBodyLabel.swift in Sources */ = {isa = PBXBuildFile; fileRef = 82A73FBD2B58422100B107BA /* GFBodyLabel.swift */; };
		82A73FC02B58443400B107BA /* GFAlertVC.swift in Sources */ = {isa = PBXBuildFile; fileRef = 82A73FBF2B58443400B107BA /* GFAlertVC.swift */; };
		82A73FC22B584AC400B107BA /* UIViewController+Ext.swift in Sources */ = {isa = PBXBuildFile; fileRef = 82A73FC12B584AC400B107BA /* UIViewController+Ext.swift */; };
		D8BEF4A02B64DF8B00C0ACFB /* Follower.swift in Sources */ = {isa = PBXBuildFile; fileRef = D8BEF49F2B64DF8B00C0ACFB /* Follower.swift */; };
		D8BEF4A22B64E08700C0ACFB /* User.swift in Sources */ = {isa = PBXBuildFile; fileRef = D8BEF4A12B64E08700C0ACFB /* User.swift */; };
		D8BEF4A52B64E88D00C0ACFB /* NetworkManager.swift in Sources */ = {isa = PBXBuildFile; fileRef = D8BEF4A42B64E88D00C0ACFB /* NetworkManager.swift */; };
		D8BEF4A82B652E4E00C0ACFB /* ErrrorMessage.swift in Sources */ = {isa = PBXBuildFile; fileRef = D8BEF4A72B652E4E00C0ACFB /* ErrrorMessage.swift */; };
/* End PBXBuildFile section */

/* Begin PBXFileReference section */
		8295B2402B503ED90003AF5D /* GTHBFollowers.app */ = {isa = PBXFileReference; explicitFileType = wrapper.application; includeInIndex = 0; path = GTHBFollowers.app; sourceTree = BUILT_PRODUCTS_DIR; };
		8295B2432B503ED90003AF5D /* AppDelegate.swift */ = {isa = PBXFileReference; lastKnownFileType = sourcecode.swift; path = AppDelegate.swift; sourceTree = "<group>"; };
		8295B2452B503ED90003AF5D /* SceneDelegate.swift */ = {isa = PBXFileReference; lastKnownFileType = sourcecode.swift; path = SceneDelegate.swift; sourceTree = "<group>"; };
		8295B24C2B503EDD0003AF5D /* Assets.xcassets */ = {isa = PBXFileReference; lastKnownFileType = folder.assetcatalog; path = Assets.xcassets; sourceTree = "<group>"; };
		8295B24F2B503EDD0003AF5D /* Base */ = {isa = PBXFileReference; lastKnownFileType = file.storyboard; name = Base; path = Base.lproj/LaunchScreen.storyboard; sourceTree = "<group>"; };
		8295B2512B503EDD0003AF5D /* Info.plist */ = {isa = PBXFileReference; lastKnownFileType = text.plist.xml; path = Info.plist; sourceTree = "<group>"; };
		8295B2572B50541E0003AF5D /* SearchVC.swift */ = {isa = PBXFileReference; lastKnownFileType = sourcecode.swift; path = SearchVC.swift; sourceTree = "<group>"; };
		8295B2592B50544E0003AF5D /* FavoriteListVC.swift */ = {isa = PBXFileReference; lastKnownFileType = sourcecode.swift; path = FavoriteListVC.swift; sourceTree = "<group>"; };
		8295B25B2B505A8E0003AF5D /* GFButton.swift */ = {isa = PBXFileReference; lastKnownFileType = sourcecode.swift; path = GFButton.swift; sourceTree = "<group>"; };
		8295B25D2B505D400003AF5D /* GFTextField.swift */ = {isa = PBXFileReference; lastKnownFileType = sourcecode.swift; path = GFTextField.swift; sourceTree = "<group>"; };
		8299B7FD2B58350A00D06518 /* FollowerListVC.swift */ = {isa = PBXFileReference; lastKnownFileType = sourcecode.swift; path = FollowerListVC.swift; sourceTree = "<group>"; };
		82A73FBB2B583E2800B107BA /* GFTitleLabel.swift */ = {isa = PBXFileReference; lastKnownFileType = sourcecode.swift; path = GFTitleLabel.swift; sourceTree = "<group>"; };
		82A73FBD2B58422100B107BA /* GFBodyLabel.swift */ = {isa = PBXFileReference; lastKnownFileType = sourcecode.swift; path = GFBodyLabel.swift; sourceTree = "<group>"; };
		82A73FBF2B58443400B107BA /* GFAlertVC.swift */ = {isa = PBXFileReference; lastKnownFileType = sourcecode.swift; path = GFAlertVC.swift; sourceTree = "<group>"; };
		82A73FC12B584AC400B107BA /* UIViewController+Ext.swift */ = {isa = PBXFileReference; lastKnownFileType = sourcecode.swift; path = "UIViewController+Ext.swift"; sourceTree = "<group>"; };
		D8BEF49F2B64DF8B00C0ACFB /* Follower.swift */ = {isa = PBXFileReference; lastKnownFileType = sourcecode.swift; path = Follower.swift; sourceTree = "<group>"; };
		D8BEF4A12B64E08700C0ACFB /* User.swift */ = {isa = PBXFileReference; lastKnownFileType = sourcecode.swift; path = User.swift; sourceTree = "<group>"; };
		D8BEF4A42B64E88D00C0ACFB /* NetworkManager.swift */ = {isa = PBXFileReference; lastKnownFileType = sourcecode.swift; path = NetworkManager.swift; sourceTree = "<group>"; };
		D8BEF4A72B652E4E00C0ACFB /* ErrrorMessage.swift */ = {isa = PBXFileReference; lastKnownFileType = sourcecode.swift; path = ErrrorMessage.swift; sourceTree = "<group>"; };
/* End PBXFileReference section */

/* Begin PBXFrameworksBuildPhase section */
		8295B23D2B503ED90003AF5D /* Frameworks */ = {
			isa = PBXFrameworksBuildPhase;
			buildActionMask = 2147483647;
			files = (
			);
			runOnlyForDeploymentPostprocessing = 0;
		};
/* End PBXFrameworksBuildPhase section */

/* Begin PBXGroup section */
		8295B2372B503ED90003AF5D = {
			isa = PBXGroup;
			children = (
				8295B2422B503ED90003AF5D /* GTHBFollowers */,
				8295B2412B503ED90003AF5D /* Products */,
			);
			sourceTree = "<group>";
		};
		8295B2412B503ED90003AF5D /* Products */ = {
			isa = PBXGroup;
			children = (
				8295B2402B503ED90003AF5D /* GTHBFollowers.app */,
			);
			name = Products;
			sourceTree = "<group>";
		};
		8295B2422B503ED90003AF5D /* GTHBFollowers */ = {
			isa = PBXGroup;
			children = (
				D8BEF4A62B652E3400C0ACFB /* Utilities */,
				D8BEF4A32B64E86A00C0ACFB /* Managers */,
				D8BEF49E2B64DF6E00C0ACFB /* Model */,
				D8BEF49B2B64DBAF00C0ACFB /* Custom Views */,
				D8BEF49A2B64DB4B00C0ACFB /* Screens */,
				D8BEF49D2B64DC2C00C0ACFB /* Support */,
				8295B24C2B503EDD0003AF5D /* Assets.xcassets */,
				8295B24E2B503EDD0003AF5D /* LaunchScreen.storyboard */,
				8295B2512B503EDD0003AF5D /* Info.plist */,
				D8BEF49C2B64DBDA00C0ACFB /* Extensions */,
			);
			path = GTHBFollowers;
			sourceTree = "<group>";
		};
		D8BEF49A2B64DB4B00C0ACFB /* Screens */ = {
			isa = PBXGroup;
			children = (
				8295B2572B50541E0003AF5D /* SearchVC.swift */,
				8295B2592B50544E0003AF5D /* FavoriteListVC.swift */,
				8299B7FD2B58350A00D06518 /* FollowerListVC.swift */,
			);
			path = Screens;
			sourceTree = "<group>";
		};
		D8BEF49B2B64DBAF00C0ACFB /* Custom Views */ = {
			isa = PBXGroup;
			children = (
				82A73FBF2B58443400B107BA /* GFAlertVC.swift */,
				8295B25B2B505A8E0003AF5D /* GFButton.swift */,
				8295B25D2B505D400003AF5D /* GFTextField.swift */,
				82A73FBB2B583E2800B107BA /* GFTitleLabel.swift */,
				82A73FBD2B58422100B107BA /* GFBodyLabel.swift */,
			);
			path = "Custom Views";
			sourceTree = "<group>";
		};
		D8BEF49C2B64DBDA00C0ACFB /* Extensions */ = {
			isa = PBXGroup;
			children = (
				82A73FC12B584AC400B107BA /* UIViewController+Ext.swift */,
			);
			path = Extensions;
			sourceTree = "<group>";
		};
		D8BEF49D2B64DC2C00C0ACFB /* Support */ = {
			isa = PBXGroup;
			children = (
				8295B2452B503ED90003AF5D /* SceneDelegate.swift */,
				8295B2432B503ED90003AF5D /* AppDelegate.swift */,
			);
			path = Support;
			sourceTree = "<group>";
		};
		D8BEF49E2B64DF6E00C0ACFB /* Model */ = {
			isa = PBXGroup;
			children = (
				D8BEF49F2B64DF8B00C0ACFB /* Follower.swift */,
				D8BEF4A12B64E08700C0ACFB /* User.swift */,
			);
			path = Model;
			sourceTree = "<group>";
		};
		D8BEF4A32B64E86A00C0ACFB /* Managers */ = {
			isa = PBXGroup;
			children = (
				D8BEF4A42B64E88D00C0ACFB /* NetworkManager.swift */,
			);
			path = Managers;
			sourceTree = "<group>";
		};
		D8BEF4A62B652E3400C0ACFB /* Utilities */ = {
			isa = PBXGroup;
			children = (
				D8BEF4A72B652E4E00C0ACFB /* ErrrorMessage.swift */,
			);
			path = Utilities;
			sourceTree = "<group>";
		};
/* End PBXGroup section */

/* Begin PBXNativeTarget section */
		8295B23F2B503ED90003AF5D /* GTHBFollowers */ = {
			isa = PBXNativeTarget;
			buildConfigurationList = 8295B2542B503EDD0003AF5D /* Build configuration list for PBXNativeTarget "GTHBFollowers" */;
			buildPhases = (
				8295B23C2B503ED90003AF5D /* Sources */,
				8295B23D2B503ED90003AF5D /* Frameworks */,
				8295B23E2B503ED90003AF5D /* Resources */,
			);
			buildRules = (
			);
			dependencies = (
			);
			name = GTHBFollowers;
			productName = GTHBFollowers;
			productReference = 8295B2402B503ED90003AF5D /* GTHBFollowers.app */;
			productType = "com.apple.product-type.application";
		};
/* End PBXNativeTarget section */

/* Begin PBXProject section */
		8295B2382B503ED90003AF5D /* Project object */ = {
			isa = PBXProject;
			attributes = {
				BuildIndependentTargetsInParallel = 1;
				LastSwiftUpdateCheck = 1510;
				LastUpgradeCheck = 1510;
				TargetAttributes = {
					8295B23F2B503ED90003AF5D = {
						CreatedOnToolsVersion = 15.1;
					};
				};
			};
			buildConfigurationList = 8295B23B2B503ED90003AF5D /* Build configuration list for PBXProject "GTHBFollowers" */;
			compatibilityVersion = "Xcode 14.0";
			developmentRegion = en;
			hasScannedForEncodings = 0;
			knownRegions = (
				en,
				Base,
			);
			mainGroup = 8295B2372B503ED90003AF5D;
			productRefGroup = 8295B2412B503ED90003AF5D /* Products */;
			projectDirPath = "";
			projectRoot = "";
			targets = (
				8295B23F2B503ED90003AF5D /* GTHBFollowers */,
			);
		};
/* End PBXProject section */

/* Begin PBXResourcesBuildPhase section */
		8295B23E2B503ED90003AF5D /* Resources */ = {
			isa = PBXResourcesBuildPhase;
			buildActionMask = 2147483647;
			files = (
				8295B2502B503EDD0003AF5D /* LaunchScreen.storyboard in Resources */,
				8295B24D2B503EDD0003AF5D /* Assets.xcassets in Resources */,
			);
			runOnlyForDeploymentPostprocessing = 0;
		};
/* End PBXResourcesBuildPhase section */

/* Begin PBXSourcesBuildPhase section */
		8295B23C2B503ED90003AF5D /* Sources */ = {
			isa = PBXSourcesBuildPhase;
			buildActionMask = 2147483647;
			files = (
				D8BEF4A22B64E08700C0ACFB /* User.swift in Sources */,
				8295B2582B50541E0003AF5D /* SearchVC.swift in Sources */,
				8295B25A2B50544E0003AF5D /* FavoriteListVC.swift in Sources */,
				8295B25C2B505A8E0003AF5D /* GFButton.swift in Sources */,
				82A73FC22B584AC400B107BA /* UIViewController+Ext.swift in Sources */,
				8295B2442B503ED90003AF5D /* AppDelegate.swift in Sources */,
				D8BEF4A82B652E4E00C0ACFB /* ErrrorMessage.swift in Sources */,
				82A73FC02B58443400B107BA /* GFAlertVC.swift in Sources */,
				82A73FBE2B58422100B107BA /* GFBodyLabel.swift in Sources */,
				D8BEF4A02B64DF8B00C0ACFB /* Follower.swift in Sources */,
				82A73FBC2B583E2900B107BA /* GFTitleLabel.swift in Sources */,
				D8BEF4A52B64E88D00C0ACFB /* NetworkManager.swift in Sources */,
				8299B7FE2B58350A00D06518 /* FollowerListVC.swift in Sources */,
				8295B2462B503ED90003AF5D /* SceneDelegate.swift in Sources */,
				8295B25E2B505D400003AF5D /* GFTextField.swift in Sources */,
			);
			runOnlyForDeploymentPostprocessing = 0;
		};
/* End PBXSourcesBuildPhase section */

/* Begin PBXVariantGroup section */
		8295B24E2B503EDD0003AF5D /* LaunchScreen.storyboard */ = {
			isa = PBXVariantGroup;
			children = (
				8295B24F2B503EDD0003AF5D /* Base */,
			);
			name = LaunchScreen.storyboard;
			sourceTree = "<group>";
		};
/* End PBXVariantGroup section */

/* Begin XCBuildConfiguration section */
		8295B2522B503EDD0003AF5D /* Debug */ = {
			isa = XCBuildConfiguration;
			buildSettings = {
				ALWAYS_SEARCH_USER_PATHS = NO;
				ASSETCATALOG_COMPILER_GENERATE_SWIFT_ASSET_SYMBOL_EXTENSIONS = YES;
				CLANG_ANALYZER_NONNULL = YES;
				CLANG_ANALYZER_NUMBER_OBJECT_CONVERSION = YES_AGGRESSIVE;
				CLANG_CXX_LANGUAGE_STANDARD = "gnu++20";
				CLANG_ENABLE_MODULES = YES;
				CLANG_ENABLE_OBJC_ARC = YES;
				CLANG_ENABLE_OBJC_WEAK = YES;
				CLANG_WARN_BLOCK_CAPTURE_AUTORELEASING = YES;
				CLANG_WARN_BOOL_CONVERSION = YES;
				CLANG_WARN_COMMA = YES;
				CLANG_WARN_CONSTANT_CONVERSION = YES;
				CLANG_WARN_DEPRECATED_OBJC_IMPLEMENTATIONS = YES;
				CLANG_WARN_DIRECT_OBJC_ISA_USAGE = YES_ERROR;
				CLANG_WARN_DOCUMENTATION_COMMENTS = YES;
				CLANG_WARN_EMPTY_BODY = YES;
				CLANG_WARN_ENUM_CONVERSION = YES;
				CLANG_WARN_INFINITE_RECURSION = YES;
				CLANG_WARN_INT_CONVERSION = YES;
				CLANG_WARN_NON_LITERAL_NULL_CONVERSION = YES;
				CLANG_WARN_OBJC_IMPLICIT_RETAIN_SELF = YES;
				CLANG_WARN_OBJC_LITERAL_CONVERSION = YES;
				CLANG_WARN_OBJC_ROOT_CLASS = YES_ERROR;
				CLANG_WARN_QUOTED_INCLUDE_IN_FRAMEWORK_HEADER = YES;
				CLANG_WARN_RANGE_LOOP_ANALYSIS = YES;
				CLANG_WARN_STRICT_PROTOTYPES = YES;
				CLANG_WARN_SUSPICIOUS_MOVE = YES;
				CLANG_WARN_UNGUARDED_AVAILABILITY = YES_AGGRESSIVE;
				CLANG_WARN_UNREACHABLE_CODE = YES;
				CLANG_WARN__DUPLICATE_METHOD_MATCH = YES;
				COPY_PHASE_STRIP = NO;
				DEBUG_INFORMATION_FORMAT = dwarf;
				ENABLE_STRICT_OBJC_MSGSEND = YES;
				ENABLE_TESTABILITY = YES;
				ENABLE_USER_SCRIPT_SANDBOXING = YES;
				GCC_C_LANGUAGE_STANDARD = gnu17;
				GCC_DYNAMIC_NO_PIC = NO;
				GCC_NO_COMMON_BLOCKS = YES;
				GCC_OPTIMIZATION_LEVEL = 0;
				GCC_PREPROCESSOR_DEFINITIONS = (
					"DEBUG=1",
					"$(inherited)",
				);
				GCC_WARN_64_TO_32_BIT_CONVERSION = YES;
				GCC_WARN_ABOUT_RETURN_TYPE = YES_ERROR;
				GCC_WARN_UNDECLARED_SELECTOR = YES;
				GCC_WARN_UNINITIALIZED_AUTOS = YES_AGGRESSIVE;
				GCC_WARN_UNUSED_FUNCTION = YES;
				GCC_WARN_UNUSED_VARIABLE = YES;
				IPHONEOS_DEPLOYMENT_TARGET = 17.2;
				LOCALIZATION_PREFERS_STRING_CATALOGS = YES;
				MTL_ENABLE_DEBUG_INFO = INCLUDE_SOURCE;
				MTL_FAST_MATH = YES;
				ONLY_ACTIVE_ARCH = YES;
				SDKROOT = iphoneos;
				SWIFT_ACTIVE_COMPILATION_CONDITIONS = "DEBUG $(inherited)";
				SWIFT_OPTIMIZATION_LEVEL = "-Onone";
			};
			name = Debug;
		};
		8295B2532B503EDD0003AF5D /* Release */ = {
			isa = XCBuildConfiguration;
			buildSettings = {
				ALWAYS_SEARCH_USER_PATHS = NO;
				ASSETCATALOG_COMPILER_GENERATE_SWIFT_ASSET_SYMBOL_EXTENSIONS = YES;
				CLANG_ANALYZER_NONNULL = YES;
				CLANG_ANALYZER_NUMBER_OBJECT_CONVERSION = YES_AGGRESSIVE;
				CLANG_CXX_LANGUAGE_STANDARD = "gnu++20";
				CLANG_ENABLE_MODULES = YES;
				CLANG_ENABLE_OBJC_ARC = YES;
				CLANG_ENABLE_OBJC_WEAK = YES;
				CLANG_WARN_BLOCK_CAPTURE_AUTORELEASING = YES;
				CLANG_WARN_BOOL_CONVERSION = YES;
				CLANG_WARN_COMMA = YES;
				CLANG_WARN_CONSTANT_CONVERSION = YES;
				CLANG_WARN_DEPRECATED_OBJC_IMPLEMENTATIONS = YES;
				CLANG_WARN_DIRECT_OBJC_ISA_USAGE = YES_ERROR;
				CLANG_WARN_DOCUMENTATION_COMMENTS = YES;
				CLANG_WARN_EMPTY_BODY = YES;
				CLANG_WARN_ENUM_CONVERSION = YES;
				CLANG_WARN_INFINITE_RECURSION = YES;
				CLANG_WARN_INT_CONVERSION = YES;
				CLANG_WARN_NON_LITERAL_NULL_CONVERSION = YES;
				CLANG_WARN_OBJC_IMPLICIT_RETAIN_SELF = YES;
				CLANG_WARN_OBJC_LITERAL_CONVERSION = YES;
				CLANG_WARN_OBJC_ROOT_CLASS = YES_ERROR;
				CLANG_WARN_QUOTED_INCLUDE_IN_FRAMEWORK_HEADER = YES;
				CLANG_WARN_RANGE_LOOP_ANALYSIS = YES;
				CLANG_WARN_STRICT_PROTOTYPES = YES;
				CLANG_WARN_SUSPICIOUS_MOVE = YES;
				CLANG_WARN_UNGUARDED_AVAILABILITY = YES_AGGRESSIVE;
				CLANG_WARN_UNREACHABLE_CODE = YES;
				CLANG_WARN__DUPLICATE_METHOD_MATCH = YES;
				COPY_PHASE_STRIP = NO;
				DEBUG_INFORMATION_FORMAT = "dwarf-with-dsym";
				ENABLE_NS_ASSERTIONS = NO;
				ENABLE_STRICT_OBJC_MSGSEND = YES;
				ENABLE_USER_SCRIPT_SANDBOXING = YES;
				GCC_C_LANGUAGE_STANDARD = gnu17;
				GCC_NO_COMMON_BLOCKS = YES;
				GCC_WARN_64_TO_32_BIT_CONVERSION = YES;
				GCC_WARN_ABOUT_RETURN_TYPE = YES_ERROR;
				GCC_WARN_UNDECLARED_SELECTOR = YES;
				GCC_WARN_UNINITIALIZED_AUTOS = YES_AGGRESSIVE;
				GCC_WARN_UNUSED_FUNCTION = YES;
				GCC_WARN_UNUSED_VARIABLE = YES;
				IPHONEOS_DEPLOYMENT_TARGET = 17.2;
				LOCALIZATION_PREFERS_STRING_CATALOGS = YES;
				MTL_ENABLE_DEBUG_INFO = NO;
				MTL_FAST_MATH = YES;
				SDKROOT = iphoneos;
				SWIFT_COMPILATION_MODE = wholemodule;
				VALIDATE_PRODUCT = YES;
			};
			name = Release;
		};
		8295B2552B503EDD0003AF5D /* Debug */ = {
			isa = XCBuildConfiguration;
			buildSettings = {
				ASSETCATALOG_COMPILER_APPICON_NAME = AppIcon;
				ASSETCATALOG_COMPILER_GLOBAL_ACCENT_COLOR_NAME = AccentColor;
				CODE_SIGN_STYLE = Automatic;
				CURRENT_PROJECT_VERSION = 1;
				GENERATE_INFOPLIST_FILE = YES;
				INFOPLIST_FILE = GTHBFollowers/Info.plist;
				INFOPLIST_KEY_UIApplicationSupportsIndirectInputEvents = YES;
				INFOPLIST_KEY_UILaunchStoryboardName = LaunchScreen;
				INFOPLIST_KEY_UISupportedInterfaceOrientations = UIInterfaceOrientationPortrait;
				INFOPLIST_KEY_UISupportedInterfaceOrientations_iPad = "UIInterfaceOrientationLandscapeLeft UIInterfaceOrientationLandscapeRight UIInterfaceOrientationPortrait UIInterfaceOrientationPortraitUpsideDown";
				IPHONEOS_DEPLOYMENT_TARGET = 17.2;
				LD_RUNPATH_SEARCH_PATHS = (
					"$(inherited)",
					"@executable_path/Frameworks",
				);
				MARKETING_VERSION = 1.0;
				PRODUCT_BUNDLE_IDENTIFIER = co.kuua.GTHBFollowers;
				PRODUCT_NAME = "$(TARGET_NAME)";
				SUPPORTED_PLATFORMS = "iphoneos iphonesimulator";
				SUPPORTS_MACCATALYST = NO;
				SUPPORTS_MAC_DESIGNED_FOR_IPHONE_IPAD = NO;
				SUPPORTS_XR_DESIGNED_FOR_IPHONE_IPAD = NO;
				SWIFT_EMIT_LOC_STRINGS = YES;
				SWIFT_VERSION = 5.0;
				TARGETED_DEVICE_FAMILY = 1;
			};
			name = Debug;
		};
		8295B2562B503EDD0003AF5D /* Release */ = {
			isa = XCBuildConfiguration;
			buildSettings = {
				ASSETCATALOG_COMPILER_APPICON_NAME = AppIcon;
				ASSETCATALOG_COMPILER_GLOBAL_ACCENT_COLOR_NAME = AccentColor;
				CODE_SIGN_STYLE = Automatic;
				CURRENT_PROJECT_VERSION = 1;
				GENERATE_INFOPLIST_FILE = YES;
				INFOPLIST_FILE = GTHBFollowers/Info.plist;
				INFOPLIST_KEY_UIApplicationSupportsIndirectInputEvents = YES;
				INFOPLIST_KEY_UILaunchStoryboardName = LaunchScreen;
				INFOPLIST_KEY_UISupportedInterfaceOrientations = UIInterfaceOrientationPortrait;
				INFOPLIST_KEY_UISupportedInterfaceOrientations_iPad = "UIInterfaceOrientationLandscapeLeft UIInterfaceOrientationLandscapeRight UIInterfaceOrientationPortrait UIInterfaceOrientationPortraitUpsideDown";
				IPHONEOS_DEPLOYMENT_TARGET = 17.2;
				LD_RUNPATH_SEARCH_PATHS = (
					"$(inherited)",
					"@executable_path/Frameworks",
				);
				MARKETING_VERSION = 1.0;
				PRODUCT_BUNDLE_IDENTIFIER = co.kuua.GTHBFollowers;
				PRODUCT_NAME = "$(TARGET_NAME)";
				SUPPORTED_PLATFORMS = "iphoneos iphonesimulator";
				SUPPORTS_MACCATALYST = NO;
				SUPPORTS_MAC_DESIGNED_FOR_IPHONE_IPAD = NO;
				SUPPORTS_XR_DESIGNED_FOR_IPHONE_IPAD = NO;
				SWIFT_EMIT_LOC_STRINGS = YES;
				SWIFT_VERSION = 5.0;
				TARGETED_DEVICE_FAMILY = 1;
			};
			name = Release;
		};
/* End XCBuildConfiguration section */

/* Begin XCConfigurationList section */
		8295B23B2B503ED90003AF5D /* Build configuration list for PBXProject "GTHBFollowers" */ = {
			isa = XCConfigurationList;
			buildConfigurations = (
				8295B2522B503EDD0003AF5D /* Debug */,
				8295B2532B503EDD0003AF5D /* Release */,
			);
			defaultConfigurationIsVisible = 0;
			defaultConfigurationName = Release;
		};
		8295B2542B503EDD0003AF5D /* Build configuration list for PBXNativeTarget "GTHBFollowers" */ = {
			isa = XCConfigurationList;
			buildConfigurations = (
				8295B2552B503EDD0003AF5D /* Debug */,
				8295B2562B503EDD0003AF5D /* Release */,
			);
			defaultConfigurationIsVisible = 0;
			defaultConfigurationName = Release;
		};
/* End XCConfigurationList section */
	};
	rootObject = 8295B2382B503ED90003AF5D /* Project object */;
}
